<?xml version="1.0" encoding="UTF-8" standalone="yes" ?>
<CodeBlocks_project_file>
	<FileVersion major="1" minor="6" />
	<Project>
		<Option title="ayfly" />
		<Option pch_mode="2" />
		<Option compiler="gcc" />
		<Build>
			<Target title="Debug">
				<Option output="bin/Debug/ayfly" prefix_auto="1" extension_auto="1" />
				<Option object_output="obj/Debug/" />
				<Option type="1" />
				<Option compiler="gcc" />
				<Compiler>
					<Add option="-g" />
				</Compiler>
			</Target>
		</Build>
		<Compiler>
			<Add option="-Wall" />
		</Compiler>
		<Unit filename="ChangeLog" />
		<Unit filename="Makefile.am" />
		<Unit filename="README" />
		<Unit filename="README.RU.UTF8" />
		<Unit filename="configure.ac" />
		<Unit filename="src/AbstractAudio.cpp" />
		<Unit filename="src/AbstractAudio.h" />
		<Unit filename="src/Filter3.cpp" />
		<Unit filename="src/Filter3.h" />
		<Unit filename="src/Makefile.am" />
		<Unit filename="src/ay.h" />
		<Unit filename="src/common.h" />
		<Unit filename="src/fft.cpp" />
		<Unit filename="src/fft.h" />
		<Unit filename="src/formats.cpp" />
		<Unit filename="src/gui/AyflyApp.cpp" />
		<Unit filename="src/gui/AyflyApp.h" />
		<Unit filename="src/gui/AyflyBindingsDlg.cpp" />
		<Unit filename="src/gui/AyflyBindingsDlg.h" />
		<Unit filename="src/gui/AyflyFrame.cpp" />
		<Unit filename="src/gui/AyflyFrame.h" />
		<Unit filename="src/gui/DnDFiles.cpp" />
		<Unit filename="src/gui/DnDFiles.h" />
		<Unit filename="src/gui/Makefile.am" />
		<Unit filename="src/images/A.xpm" />
		<Unit filename="src/images/B.xpm" />
		<Unit filename="src/images/C.xpm" />
		<Unit filename="src/images/about.xpm" />
		<Unit filename="src/images/icon.xpm" />
		<Unit filename="src/images/keys.xpm" />
		<Unit filename="src/images/next.xpm" />
		<Unit filename="src/images/open.xpm" />
		<Unit filename="src/images/pause.xpm" />
		<Unit filename="src/images/play.xpm" />
		<Unit filename="src/images/prev.xpm" />
		<Unit filename="src/images/repeat.xpm" />
		<Unit filename="src/images/rewind.xpm" />
		<Unit filename="src/images/stop.xpm" />
		<Unit filename="src/players/ASCPlay.h" />
		<Unit filename="src/players/PSCPlay.h" />
		<Unit filename="src/players/PT2Play.h" />
		<Unit filename="src/players/PT3Play.h" />
		<Unit filename="src/players/PTxPlay.h" />
		<Unit filename="src/players/SQTPlay.h" />
		<Unit filename="src/players/STCPlay.h" />
		<Unit filename="src/players/STPPlay.h" />
		<Unit filename="src/s60/inc/ay_s60.h">
			<Option target="&lt;{~None~}&gt;" />
		</Unit>
		<Unit filename="src/s60/inc/ayfly_s60AppUi.h" />
		<Unit filename="src/s60/inc/ayfly_s60AppView.h" />
		<Unit filename="src/s60/inc/ayfly_s60Application.h" />
		<Unit filename="src/s60/inc/ayfly_s60Audio.h" />
		<Unit filename="src/s60/inc/ayfly_s60Document.h" />
		<Unit filename="src/s60/inc/players/ASCPlay.h" />
		<Unit filename="src/s60/inc/players/PSCPlay.h" />
		<Unit filename="src/s60/inc/players/PT2Play.h" />
		<Unit filename="src/s60/inc/players/PT3Play.h" />
		<Unit filename="src/s60/inc/players/PTxPlay.h" />
		<Unit filename="src/s60/inc/players/SQTPlay.h" />
		<Unit filename="src/s60/inc/players/STCPlay.h" />
		<Unit filename="src/s60/inc/players/STPPlay.h" />
		<Unit filename="src/s60/src/ay_s60.cpp" />
		<Unit filename="src/s60/src/ayfly_s60.cpp" />
		<Unit filename="src/s60/src/ayfly_s60AppUi.cpp" />
		<Unit filename="src/s60/src/ayfly_s60AppView.cpp" />
		<Unit filename="src/s60/src/ayfly_s60Application.cpp" />
		<Unit filename="src/s60/src/ayfly_s60Audio.cpp" />
		<Unit filename="src/s60/src/ayfly_s60Document.cpp" />
		<Unit filename="src/speccy.cpp" />
		<Unit filename="src/unix/Makefile.am" />
		<Unit filename="src/unix/SDLAudio.cpp" />
		<Unit filename="src/unix/SDLAudio.h" />
		<Unit filename="src/unix/main.cpp" />
		<Unit filename="src/windows/DXAudio.cpp" />
		<Unit filename="src/windows/DXAudio.h" />
		<Unit filename="src/windows/MainDropTarget.cpp" />
		<Unit filename="src/windows/MainDropTarget.h" />
		<Unit filename="src/windows/Makefile.am" />
		<Unit filename="src/windows/WaveAudio.cpp" />
		<Unit filename="src/windows/WaveAudio.h" />
		<Unit filename="src/windows/main_win32.cpp" />
		<Unit filename="src/z80ex/Makefile.am" />
		<Unit filename="src/z80ex/daa_table.c">
			<Option compilerVar="CC" />
		</Unit>
		<Unit filename="src/z80ex/include/z80ex.h" />
		<Unit filename="src/z80ex/include/z80ex_common.h" />
		<Unit filename="src/z80ex/include/z80ex_dasm.h" />
		<Unit filename="src/z80ex/macros.h" />
		<Unit filename="src/z80ex/opcodes/opcodes_base.c">
			<Option compilerVar="CC" />
		</Unit>
		<Unit filename="src/z80ex/opcodes/opcodes_cb.c">
			<Option compilerVar="CC" />
		</Unit>
		<Unit filename="src/z80ex/opcodes/opcodes_dasm.c">
			<Option compilerVar="CC" />
		</Unit>
		<Unit filename="src/z80ex/opcodes/opcodes_dd.c">
			<Option compilerVar="CC" />
		</Unit>
		<Unit filename="src/z80ex/opcodes/opcodes_ddcb.c">
			<Option compilerVar="CC" />
		</Unit>
		<Unit filename="src/z80ex/opcodes/opcodes_ed.c">
			<Option compilerVar="CC" />
		</Unit>
		<Unit filename="src/z80ex/opcodes/opcodes_fd.c">
			<Option compilerVar="CC" />
		</Unit>
		<Unit filename="src/z80ex/opcodes/opcodes_fdcb.c">
			<Option compilerVar="CC" />
		</Unit>
		<Unit filename="src/z80ex/typedefs.h" />
		<Unit filename="src/z80ex/z80ex.c">
			<Option compilerVar="CC" />
		</Unit>
		<Unit filename="src/z80ex/z80ex_dasm.c">
			<Option compilerVar="CC" />
		</Unit>
		<Extensions>
			<code_completion>
				<search_path add="/usr/include" />
			</code_completion>
			<debugger />
		</Extensions>
	</Project>
</CodeBlocks_project_file>
